// !$*UTF8*$!
{
	archiveVersion = 1;
	classes = {
	};
	objectVersion = 77;
	objects = {

/* Begin PBXBuildFile section */
		01430F5A2CCECBC40047B5EE /* AppDelegate.swift in Sources */ = {isa = PBXBuildFile; fileRef = 01430F4F2CCECBC40047B5EE /* AppDelegate.swift */; };
		01430F5B2CCECBC40047B5EE /* CustomSlider.swift in Sources */ = {isa = PBXBuildFile; fileRef = 01430F512CCECBC40047B5EE /* CustomSlider.swift */; };
		01430F5C2CCECBC40047B5EE /* SceneDelegate.swift in Sources */ = {isa = PBXBuildFile; fileRef = 01430F552CCECBC40047B5EE /* SceneDelegate.swift */; };
		01430F5D2CCECBC40047B5EE /* UIColor+Inverted.swift in Sources */ = {isa = PBXBuildFile; fileRef = 01430F562CCECBC40047B5EE /* UIColor+Inverted.swift */; };
		01430F5E2CCECBC40047B5EE /* UIView+Pin.swift in Sources */ = {isa = PBXBuildFile; fileRef = 01430F572CCECBC40047B5EE /* UIView+Pin.swift */; };
		01430F5F2CCECBC40047B5EE /* WishMakerViewController.swift in Sources */ = {isa = PBXBuildFile; fileRef = 01430F582CCECBC40047B5EE /* WishMakerViewController.swift */; };
		01430F602CCECBC40047B5EE /* Assets.xcassets in Resources */ = {isa = PBXBuildFile; fileRef = 01430F502CCECBC40047B5EE /* Assets.xcassets */; };
		01430F622CCECBC40047B5EE /* LaunchScreen.storyboard in Resources */ = {isa = PBXBuildFile; fileRef = 01430F542CCECBC40047B5EE /* LaunchScreen.storyboard */; };
		01430F662CCFB42F0047B5EE /* WishMakerView.swift in Sources */ = {isa = PBXBuildFile; fileRef = 01430F652CCFB42F0047B5EE /* WishMakerView.swift */; };
/* End PBXBuildFile section */

/* Begin PBXFileReference section */
		01430F4F2CCECBC40047B5EE /* AppDelegate.swift */ = {isa = PBXFileReference; lastKnownFileType = sourcecode.swift; path = AppDelegate.swift; sourceTree = "<group>"; };
		01430F502CCECBC40047B5EE /* Assets.xcassets */ = {isa = PBXFileReference; lastKnownFileType = folder.assetcatalog; path = Assets.xcassets; sourceTree = "<group>"; };
		01430F512CCECBC40047B5EE /* CustomSlider.swift */ = {isa = PBXFileReference; lastKnownFileType = sourcecode.swift; path = CustomSlider.swift; sourceTree = "<group>"; };
		01430F522CCECBC40047B5EE /* Info.plist */ = {isa = PBXFileReference; lastKnownFileType = text.plist.xml; path = Info.plist; sourceTree = "<group>"; };
		01430F532CCECBC40047B5EE /* Base */ = {isa = PBXFileReference; lastKnownFileType = file.storyboard; name = Base; path = Base.lproj/LaunchScreen.storyboard; sourceTree = "<group>"; };
		01430F552CCECBC40047B5EE /* SceneDelegate.swift */ = {isa = PBXFileReference; lastKnownFileType = sourcecode.swift; path = SceneDelegate.swift; sourceTree = "<group>"; };
		01430F562CCECBC40047B5EE /* UIColor+Inverted.swift */ = {isa = PBXFileReference; lastKnownFileType = sourcecode.swift; path = "UIColor+Inverted.swift"; sourceTree = "<group>"; };
		01430F572CCECBC40047B5EE /* UIView+Pin.swift */ = {isa = PBXFileReference; lastKnownFileType = sourcecode.swift; path = "UIView+Pin.swift"; sourceTree = "<group>"; };
		01430F582CCECBC40047B5EE /* WishMakerViewController.swift */ = {isa = PBXFileReference; lastKnownFileType = sourcecode.swift; path = WishMakerViewController.swift; sourceTree = "<group>"; };
		01430F652CCFB42F0047B5EE /* WishMakerView.swift */ = {isa = PBXFileReference; lastKnownFileType = sourcecode.swift; path = WishMakerView.swift; sourceTree = "<group>"; };
		014E8AF62CD122D3009B5CBB /* README.md */ = {isa = PBXFileReference; lastKnownFileType = net.daringfireball.markdown; path = README.md; sourceTree = "<group>"; };
		01E4C8C72CC93BFD00B303B1 /* dmalbondarenkoPW2.app */ = {isa = PBXFileReference; explicitFileType = wrapper.application; includeInIndex = 0; path = dmalbondarenkoPW2.app; sourceTree = BUILT_PRODUCTS_DIR; };
/* End PBXFileReference section */

/* Begin PBXFrameworksBuildPhase section */
		01E4C8C42CC93BFD00B303B1 /* Frameworks */ = {
			isa = PBXFrameworksBuildPhase;
			buildActionMask = 2147483647;
			files = (
			);
			runOnlyForDeploymentPostprocessing = 0;
		};
/* End PBXFrameworksBuildPhase section */

/* Begin PBXGroup section */
		01430F592CCECBC40047B5EE /* dmalbondarenkoPW2 */ = {
			isa = PBXGroup;
			children = (
				01430F522CCECBC40047B5EE /* Info.plist */,
				01430F6B2CCFBCE70047B5EE /* Resources */,
				01430F692CCFBC5C0047B5EE /* App */,
				01430F682CCFB4AA0047B5EE /* Views */,
				01430F672CCFB4910047B5EE /* Controllers */,
				01430F6A2CCFBC6E0047B5EE /* Extensions */,
			);
			path = dmalbondarenkoPW2;
			sourceTree = "<group>";
		};
		01430F672CCFB4910047B5EE /* Controllers */ = {
			isa = PBXGroup;
			children = (
				01430F582CCECBC40047B5EE /* WishMakerViewController.swift */,
			);
			path = Controllers;
			sourceTree = "<group>";
		};
		01430F682CCFB4AA0047B5EE /* Views */ = {
			isa = PBXGroup;
			children = (
				01430F652CCFB42F0047B5EE /* WishMakerView.swift */,
				01430F512CCECBC40047B5EE /* CustomSlider.swift */,
			);
			path = Views;
			sourceTree = "<group>";
		};
		01430F692CCFBC5C0047B5EE /* App */ = {
			isa = PBXGroup;
			children = (
				01430F4F2CCECBC40047B5EE /* AppDelegate.swift */,
				01430F552CCECBC40047B5EE /* SceneDelegate.swift */,
			);
			path = App;
			sourceTree = "<group>";
		};
		01430F6A2CCFBC6E0047B5EE /* Extensions */ = {
			isa = PBXGroup;
			children = (
				01430F562CCECBC40047B5EE /* UIColor+Inverted.swift */,
				01430F572CCECBC40047B5EE /* UIView+Pin.swift */,
			);
			path = Extensions;
			sourceTree = "<group>";
		};
		01430F6B2CCFBCE70047B5EE /* Resources */ = {
			isa = PBXGroup;
			children = (
				01430F542CCECBC40047B5EE /* LaunchScreen.storyboard */,
				01430F502CCECBC40047B5EE /* Assets.xcassets */,
			);
			path = Resources;
			sourceTree = "<group>";
		};
		01E4C8BE2CC93BFC00B303B1 = {
			isa = PBXGroup;
			children = (
				014E8AF62CD122D3009B5CBB /* README.md */,
				01430F592CCECBC40047B5EE /* dmalbondarenkoPW2 */,
				01E4C8C82CC93BFD00B303B1 /* Products */,
			);
			sourceTree = "<group>";
		};
		01E4C8C82CC93BFD00B303B1 /* Products */ = {
			isa = PBXGroup;
			children = (
				01E4C8C72CC93BFD00B303B1 /* dmalbondarenkoPW2.app */,
			);
			name = Products;
			sourceTree = "<group>";
		};
/* End PBXGroup section */

/* Begin PBXNativeTarget section */
		01E4C8C62CC93BFD00B303B1 /* dmalbondarenkoPW2 */ = {
			isa = PBXNativeTarget;
			buildConfigurationList = 01E4C8DA2CC93BFF00B303B1 /* Build configuration list for PBXNativeTarget "dmalbondarenkoPW2" */;
			buildPhases = (
				01E4C8C32CC93BFD00B303B1 /* Sources */,
				01E4C8C42CC93BFD00B303B1 /* Frameworks */,
				01E4C8C52CC93BFD00B303B1 /* Resources */,
			);
			buildRules = (
			);
			dependencies = (
			);
			name = dmalbondarenkoPW2;
			packageProductDependencies = (
			);
			productName = dmalbondarenkoPW2;
			productReference = 01E4C8C72CC93BFD00B303B1 /* dmalbondarenkoPW2.app */;
			productType = "com.apple.product-type.application";
		};
/* End PBXNativeTarget section */

/* Begin PBXProject section */
		01E4C8BF2CC93BFC00B303B1 /* Project object */ = {
			isa = PBXProject;
			attributes = {
				BuildIndependentTargetsInParallel = 1;
				LastSwiftUpdateCheck = 1600;
				LastUpgradeCheck = 1600;
				TargetAttributes = {
					01E4C8C62CC93BFD00B303B1 = {
						CreatedOnToolsVersion = 16.0;
					};
				};
			};
			buildConfigurationList = 01E4C8C22CC93BFC00B303B1 /* Build configuration list for PBXProject "dmalbondarenkoPW2" */;
			developmentRegion = en;
			hasScannedForEncodings = 0;
			knownRegions = (
				en,
				Base,
			);
			mainGroup = 01E4C8BE2CC93BFC00B303B1;
			minimizedProjectReferenceProxies = 1;
			preferredProjectObjectVersion = 77;
			productRefGroup = 01E4C8C82CC93BFD00B303B1 /* Products */;
			projectDirPath = "";
			projectRoot = "";
			targets = (
				01E4C8C62CC93BFD00B303B1 /* dmalbondarenkoPW2 */,
			);
		};
/* End PBXProject section */

/* Begin PBXResourcesBuildPhase section */
		01E4C8C52CC93BFD00B303B1 /* Resources */ = {
			isa = PBXResourcesBuildPhase;
			buildActionMask = 2147483647;
			files = (
				01430F602CCECBC40047B5EE /* Assets.xcassets in Resources */,
				01430F622CCECBC40047B5EE /* LaunchScreen.storyboard in Resources */,
			);
			runOnlyForDeploymentPostprocessing = 0;
		};
/* End PBXResourcesBuildPhase section */

/* Begin PBXSourcesBuildPhase section */
		01E4C8C32CC93BFD00B303B1 /* Sources */ = {
			isa = PBXSourcesBuildPhase;
			buildActionMask = 2147483647;
			files = (
				01430F5A2CCECBC40047B5EE /* AppDelegate.swift in Sources */,
				01430F5B2CCECBC40047B5EE /* CustomSlider.swift in Sources */,
				01430F5C2CCECBC40047B5EE /* SceneDelegate.swift in Sources */,
				01430F5D2CCECBC40047B5EE /* UIColor+Inverted.swift in Sources */,
				01430F5E2CCECBC40047B5EE /* UIView+Pin.swift in Sources */,
				01430F662CCFB42F0047B5EE /* WishMakerView.swift in Sources */,
				01430F5F2CCECBC40047B5EE /* WishMakerViewController.swift in Sources */,
			);
			runOnlyForDeploymentPostprocessing = 0;
		};
/* End PBXSourcesBuildPhase section */

/* Begin PBXVariantGroup section */
		01430F542CCECBC40047B5EE /* LaunchScreen.storyboard */ = {
			isa = PBXVariantGroup;
			children = (
				01430F532CCECBC40047B5EE /* Base */,
			);
			name = LaunchScreen.storyboard;
			sourceTree = "<group>";
		};
/* End PBXVariantGroup section */

/* Begin XCBuildConfiguration section */
		01E4C8DB2CC93BFF00B303B1 /* Debug */ = {
			isa = XCBuildConfiguration;
			buildSettings = {
				ASSETCATALOG_COMPILER_APPICON_NAME = AppIcon;
				ASSETCATALOG_COMPILER_GLOBAL_ACCENT_COLOR_NAME = AccentColor;
				CODE_SIGN_STYLE = Automatic;
				CURRENT_PROJECT_VERSION = 1;
				GENERATE_INFOPLIST_FILE = YES;
				INFOPLIST_FILE = dmalbondarenkoPW2/Info.plist;
				INFOPLIST_KEY_UIApplicationSupportsIndirectInputEvents = YES;
				INFOPLIST_KEY_UILaunchStoryboardName = LaunchScreen;
				INFOPLIST_KEY_UISupportedInterfaceOrientations_iPad = "UIInterfaceOrientationPortrait UIInterfaceOrientationPortraitUpsideDown UIInterfaceOrientationLandscapeLeft UIInterfaceOrientationLandscapeRight";
				INFOPLIST_KEY_UISupportedInterfaceOrientations_iPhone = "UIInterfaceOrientationPortrait UIInterfaceOrientationLandscapeLeft UIInterfaceOrientationLandscapeRight";
				IPHONEOS_DEPLOYMENT_TARGET = 13.0;
				"IPHONEOS_DEPLOYMENT_TARGET[sdk=iphoneos*]" = 13.0;
				LD_RUNPATH_SEARCH_PATHS = (
					"$(inherited)",
					"@executable_path/Frameworks",
				);
				MARKETING_VERSION = 1.0;
				PRODUCT_BUNDLE_IDENTIFIER = dread.dmalbondarenkoPW2;
				PRODUCT_NAME = "$(TARGET_NAME)";
				SWIFT_EMIT_LOC_STRINGS = YES;
				SWIFT_VERSION = 5.0;
				TARGETED_DEVICE_FAMILY = "1,2";
			};
			name = Debug;
		};
		01E4C8DC2CC93BFF00B303B1 /* Release */ = {
			isa = XCBuildConfiguration;
			buildSettings = {
				ASSETCATALOG_COMPILER_APPICON_NAME = AppIcon;
				ASSETCATALOG_COMPILER_GLOBAL_ACCENT_COLOR_NAME = AccentColor;
				CODE_SIGN_STYLE = Automatic;
				CURRENT_PROJECT_VERSION = 1;
				GENERATE_INFOPLIST_FILE = YES;
				INFOPLIST_FILE = dmalbondarenkoPW2/Info.plist;
				INFOPLIST_KEY_UIApplicationSupportsIndirectInputEvents = YES;
				INFOPLIST_KEY_UILaunchStoryboardName = LaunchScreen;
				INFOPLIST_KEY_UISupportedInterfaceOrientations_iPad = "UIInterfaceOrientationPortrait UIInterfaceOrientationPortraitUpsideDown UIInterfaceOrientationLandscapeLeft UIInterfaceOrientationLandscapeRight";
				INFOPLIST_KEY_UISupportedInterfaceOrientations_iPhone = "UIInterfaceOrientationPortrait UIInterfaceOrientationLandscapeLeft UIInterfaceOrientationLandscapeRight";
				IPHONEOS_DEPLOYMENT_TARGET = 13.0;
				"IPHONEOS_DEPLOYMENT_TARGET[sdk=iphoneos*]" = 13.0;
				LD_RUNPATH_SEARCH_PATHS = (
					"$(inherited)",
					"@executable_path/Frameworks",
				);
				MARKETING_VERSION = 1.0;
				PRODUCT_BUNDLE_IDENTIFIER = dread.dmalbondarenkoPW2;
				PRODUCT_NAME = "$(TARGET_NAME)";
				SWIFT_EMIT_LOC_STRINGS = YES;
				SWIFT_VERSION = 5.0;
				TARGETED_DEVICE_FAMILY = "1,2";
			};
			name = Release;
		};
		01E4C8DD2CC93BFF00B303B1 /* Debug */ = {
			isa = XCBuildConfiguration;
			buildSettings = {
				ALWAYS_SEARCH_USER_PATHS = NO;
				ASSETCATALOG_COMPILER_GENERATE_SWIFT_ASSET_SYMBOL_EXTENSIONS = YES;
				CLANG_ANALYZER_NONNULL = YES;
				CLANG_ANALYZER_NUMBER_OBJECT_CONVERSION = YES_AGGRESSIVE;
				CLANG_CXX_LANGUAGE_STANDARD = "gnu++20";
				CLANG_ENABLE_MODULES = YES;
				CLANG_ENABLE_OBJC_ARC = YES;
				CLANG_ENABLE_OBJC_WEAK = YES;
				CLANG_WARN_BLOCK_CAPTURE_AUTORELEASING = YES;
				CLANG_WARN_BOOL_CONVERSION = YES;
				CLANG_WARN_COMMA = YES;
				CLANG_WARN_CONSTANT_CONVERSION = YES;
				CLANG_WARN_DEPRECATED_OBJC_IMPLEMENTATIONS = YES;
				CLANG_WARN_DIRECT_OBJC_ISA_USAGE = YES_ERROR;
				CLANG_WARN_DOCUMENTATION_COMMENTS = YES;
				CLANG_WARN_EMPTY_BODY = YES;
				CLANG_WARN_ENUM_CONVERSION = YES;
				CLANG_WARN_INFINITE_RECURSION = YES;
				CLANG_WARN_INT_CONVERSION = YES;
				CLANG_WARN_NON_LITERAL_NULL_CONVERSION = YES;
				CLANG_WARN_OBJC_IMPLICIT_RETAIN_SELF = YES;
				CLANG_WARN_OBJC_LITERAL_CONVERSION = YES;
				CLANG_WARN_OBJC_ROOT_CLASS = YES_ERROR;
				CLANG_WARN_QUOTED_INCLUDE_IN_FRAMEWORK_HEADER = YES;
				CLANG_WARN_RANGE_LOOP_ANALYSIS = YES;
				CLANG_WARN_STRICT_PROTOTYPES = YES;
				CLANG_WARN_SUSPICIOUS_MOVE = YES;
				CLANG_WARN_UNGUARDED_AVAILABILITY = YES_AGGRESSIVE;
				CLANG_WARN_UNREACHABLE_CODE = YES;
				CLANG_WARN__DUPLICATE_METHOD_MATCH = YES;
				COPY_PHASE_STRIP = NO;
				DEBUG_INFORMATION_FORMAT = dwarf;
				ENABLE_STRICT_OBJC_MSGSEND = YES;
				ENABLE_TESTABILITY = YES;
				ENABLE_USER_SCRIPT_SANDBOXING = YES;
				GCC_C_LANGUAGE_STANDARD = gnu17;
				GCC_DYNAMIC_NO_PIC = NO;
				GCC_NO_COMMON_BLOCKS = YES;
				GCC_OPTIMIZATION_LEVEL = 0;
				GCC_PREPROCESSOR_DEFINITIONS = (
					"DEBUG=1",
					"$(inherited)",
				);
				GCC_WARN_64_TO_32_BIT_CONVERSION = YES;
				GCC_WARN_ABOUT_RETURN_TYPE = YES_ERROR;
				GCC_WARN_UNDECLARED_SELECTOR = YES;
				GCC_WARN_UNINITIALIZED_AUTOS = YES_AGGRESSIVE;
				GCC_WARN_UNUSED_FUNCTION = YES;
				GCC_WARN_UNUSED_VARIABLE = YES;
				IPHONEOS_DEPLOYMENT_TARGET = 18.0;
				LOCALIZATION_PREFERS_STRING_CATALOGS = YES;
				MTL_ENABLE_DEBUG_INFO = INCLUDE_SOURCE;
				MTL_FAST_MATH = YES;
				ONLY_ACTIVE_ARCH = YES;
				SDKROOT = iphoneos;
				SWIFT_ACTIVE_COMPILATION_CONDITIONS = "DEBUG $(inherited)";
				SWIFT_OPTIMIZATION_LEVEL = "-Onone";
			};
			name = Debug;
		};
		01E4C8DE2CC93BFF00B303B1 /* Release */ = {
			isa = XCBuildConfiguration;
			buildSettings = {
				ALWAYS_SEARCH_USER_PATHS = NO;
				ASSETCATALOG_COMPILER_GENERATE_SWIFT_ASSET_SYMBOL_EXTENSIONS = YES;
				CLANG_ANALYZER_NONNULL = YES;
				CLANG_ANALYZER_NUMBER_OBJECT_CONVERSION = YES_AGGRESSIVE;
				CLANG_CXX_LANGUAGE_STANDARD = "gnu++20";
				CLANG_ENABLE_MODULES = YES;
				CLANG_ENABLE_OBJC_ARC = YES;
				CLANG_ENABLE_OBJC_WEAK = YES;
				CLANG_WARN_BLOCK_CAPTURE_AUTORELEASING = YES;
				CLANG_WARN_BOOL_CONVERSION = YES;
				CLANG_WARN_COMMA = YES;
				CLANG_WARN_CONSTANT_CONVERSION = YES;
				CLANG_WARN_DEPRECATED_OBJC_IMPLEMENTATIONS = YES;
				CLANG_WARN_DIRECT_OBJC_ISA_USAGE = YES_ERROR;
				CLANG_WARN_DOCUMENTATION_COMMENTS = YES;
				CLANG_WARN_EMPTY_BODY = YES;
				CLANG_WARN_ENUM_CONVERSION = YES;
				CLANG_WARN_INFINITE_RECURSION = YES;
				CLANG_WARN_INT_CONVERSION = YES;
				CLANG_WARN_NON_LITERAL_NULL_CONVERSION = YES;
				CLANG_WARN_OBJC_IMPLICIT_RETAIN_SELF = YES;
				CLANG_WARN_OBJC_LITERAL_CONVERSION = YES;
				CLANG_WARN_OBJC_ROOT_CLASS = YES_ERROR;
				CLANG_WARN_QUOTED_INCLUDE_IN_FRAMEWORK_HEADER = YES;
				CLANG_WARN_RANGE_LOOP_ANALYSIS = YES;
				CLANG_WARN_STRICT_PROTOTYPES = YES;
				CLANG_WARN_SUSPICIOUS_MOVE = YES;
				CLANG_WARN_UNGUARDED_AVAILABILITY = YES_AGGRESSIVE;
				CLANG_WARN_UNREACHABLE_CODE = YES;
				CLANG_WARN__DUPLICATE_METHOD_MATCH = YES;
				COPY_PHASE_STRIP = NO;
				DEBUG_INFORMATION_FORMAT = "dwarf-with-dsym";
				ENABLE_NS_ASSERTIONS = NO;
				ENABLE_STRICT_OBJC_MSGSEND = YES;
				ENABLE_USER_SCRIPT_SANDBOXING = YES;
				GCC_C_LANGUAGE_STANDARD = gnu17;
				GCC_NO_COMMON_BLOCKS = YES;
				GCC_WARN_64_TO_32_BIT_CONVERSION = YES;
				GCC_WARN_ABOUT_RETURN_TYPE = YES_ERROR;
				GCC_WARN_UNDECLARED_SELECTOR = YES;
				GCC_WARN_UNINITIALIZED_AUTOS = YES_AGGRESSIVE;
				GCC_WARN_UNUSED_FUNCTION = YES;
				GCC_WARN_UNUSED_VARIABLE = YES;
				IPHONEOS_DEPLOYMENT_TARGET = 18.0;
				LOCALIZATION_PREFERS_STRING_CATALOGS = YES;
				MTL_ENABLE_DEBUG_INFO = NO;
				MTL_FAST_MATH = YES;
				SDKROOT = iphoneos;
				SWIFT_COMPILATION_MODE = wholemodule;
				VALIDATE_PRODUCT = YES;
			};
			name = Release;
		};
/* End XCBuildConfiguration section */

/* Begin XCConfigurationList section */
		01E4C8C22CC93BFC00B303B1 /* Build configuration list for PBXProject "dmalbondarenkoPW2" */ = {
			isa = XCConfigurationList;
			buildConfigurations = (
				01E4C8DD2CC93BFF00B303B1 /* Debug */,
				01E4C8DE2CC93BFF00B303B1 /* Release */,
			);
			defaultConfigurationIsVisible = 0;
			defaultConfigurationName = Release;
		};
		01E4C8DA2CC93BFF00B303B1 /* Build configuration list for PBXNativeTarget "dmalbondarenkoPW2" */ = {
			isa = XCConfigurationList;
			buildConfigurations = (
				01E4C8DB2CC93BFF00B303B1 /* Debug */,
				01E4C8DC2CC93BFF00B303B1 /* Release */,
			);
			defaultConfigurationIsVisible = 0;
			defaultConfigurationName = Release;
		};
/* End XCConfigurationList section */
	};
	rootObject = 01E4C8BF2CC93BFC00B303B1 /* Project object */;
}
